// !$*UTF8*$!
{
	archiveVersion = 1;
	classes = {
	};
	objectVersion = 50;
	objects = {

/* Begin PBXBuildFile section */
		7B10243222C402E1008C62B7 /* AppDelegate.swift in Sources */ = {isa = PBXBuildFile; fileRef = 7B10243122C402E1008C62B7 /* AppDelegate.swift */; };
		7B10243422C402E1008C62B7 /* ViewController.swift in Sources */ = {isa = PBXBuildFile; fileRef = 7B10243322C402E1008C62B7 /* ViewController.swift */; };
		7B10243722C402E1008C62B7 /* Main.storyboard in Resources */ = {isa = PBXBuildFile; fileRef = 7B10243522C402E1008C62B7 /* Main.storyboard */; };
		7B10243A22C402E1008C62B7 /* TravelMate.xcdatamodeld in Sources */ = {isa = PBXBuildFile; fileRef = 7B10243822C402E1008C62B7 /* TravelMate.xcdatamodeld */; };
		7B10243C22C402E2008C62B7 /* Assets.xcassets in Resources */ = {isa = PBXBuildFile; fileRef = 7B10243B22C402E2008C62B7 /* Assets.xcassets */; };
		7B10243F22C402E2008C62B7 /* LaunchScreen.storyboard in Resources */ = {isa = PBXBuildFile; fileRef = 7B10243D22C402E2008C62B7 /* LaunchScreen.storyboard */; };
		7B3B187522C462AC009EBD76 /* Airplane.ttf in Resources */ = {isa = PBXBuildFile; fileRef = 7B3B187422C462AC009EBD76 /* Airplane.ttf */; };
		7B3B187722C46BD2009EBD76 /* Default-568h@2x.png in Resources */ = {isa = PBXBuildFile; fileRef = 7B3B187622C46BD2009EBD76 /* Default-568h@2x.png */; };
		7BFA49CA22C4135700003736 /* CityLocationsTableViewController.swift in Sources */ = {isa = PBXBuildFile; fileRef = 7BFA49C922C4135700003736 /* CityLocationsTableViewController.swift */; };
/* End PBXBuildFile section */

/* Begin PBXFileReference section */
		7B10242E22C402E1008C62B7 /* TravelMate.app */ = {isa = PBXFileReference; explicitFileType = wrapper.application; includeInIndex = 0; path = TravelMate.app; sourceTree = BUILT_PRODUCTS_DIR; };
		7B10243122C402E1008C62B7 /* AppDelegate.swift */ = {isa = PBXFileReference; lastKnownFileType = sourcecode.swift; path = AppDelegate.swift; sourceTree = "<group>"; };
		7B10243322C402E1008C62B7 /* ViewController.swift */ = {isa = PBXFileReference; lastKnownFileType = sourcecode.swift; path = ViewController.swift; sourceTree = "<group>"; };
		7B10243622C402E1008C62B7 /* Base */ = {isa = PBXFileReference; lastKnownFileType = file.storyboard; name = Base; path = Base.lproj/Main.storyboard; sourceTree = "<group>"; };
		7B10243922C402E1008C62B7 /* TravelMate.xcdatamodel */ = {isa = PBXFileReference; lastKnownFileType = wrapper.xcdatamodel; path = TravelMate.xcdatamodel; sourceTree = "<group>"; };
		7B10243B22C402E2008C62B7 /* Assets.xcassets */ = {isa = PBXFileReference; lastKnownFileType = folder.assetcatalog; path = Assets.xcassets; sourceTree = "<group>"; };
		7B10243E22C402E2008C62B7 /* Base */ = {isa = PBXFileReference; lastKnownFileType = file.storyboard; name = Base; path = Base.lproj/LaunchScreen.storyboard; sourceTree = "<group>"; };
		7B10244022C402E2008C62B7 /* Info.plist */ = {isa = PBXFileReference; lastKnownFileType = text.plist.xml; path = Info.plist; sourceTree = "<group>"; };
		7B3B187422C462AC009EBD76 /* Airplane.ttf */ = {isa = PBXFileReference; lastKnownFileType = file; name = Airplane.ttf; path = ../../../../Downloads/Airplane/Airplane.ttf; sourceTree = "<group>"; };
		7B3B187622C46BD2009EBD76 /* Default-568h@2x.png */ = {isa = PBXFileReference; lastKnownFileType = image.png; path = "Default-568h@2x.png"; sourceTree = "<group>"; };
		7BFA49C922C4135700003736 /* CityLocationsTableViewController.swift */ = {isa = PBXFileReference; lastKnownFileType = sourcecode.swift; path = CityLocationsTableViewController.swift; sourceTree = "<group>"; };
/* End PBXFileReference section */

/* Begin PBXFrameworksBuildPhase section */
		7B10242B22C402E1008C62B7 /* Frameworks */ = {
			isa = PBXFrameworksBuildPhase;
			buildActionMask = 2147483647;
			files = (
			);
			runOnlyForDeploymentPostprocessing = 0;
		};
/* End PBXFrameworksBuildPhase section */

/* Begin PBXGroup section */
		7B10242522C402E1008C62B7 = {
			isa = PBXGroup;
			children = (
				7B3B187622C46BD2009EBD76 /* Default-568h@2x.png */,
				7B10243022C402E1008C62B7 /* TrekMate */,
				7B10242F22C402E1008C62B7 /* Products */,
			);
			sourceTree = "<group>";
		};
		7B10242F22C402E1008C62B7 /* Products */ = {
			isa = PBXGroup;
			children = (
				7B10242E22C402E1008C62B7 /* TravelMate.app */,
			);
			name = Products;
			sourceTree = "<group>";
		};
		7B10243022C402E1008C62B7 /* TrekMate */ = {
			isa = PBXGroup;
			children = (
				7B10243122C402E1008C62B7 /* AppDelegate.swift */,
				7B10243322C402E1008C62B7 /* ViewController.swift */,
				7B10243522C402E1008C62B7 /* Main.storyboard */,
				7BFA49C922C4135700003736 /* CityLocationsTableViewController.swift */,
				7B3B187422C462AC009EBD76 /* Airplane.ttf */,
				7B10243B22C402E2008C62B7 /* Assets.xcassets */,
				7B10243D22C402E2008C62B7 /* LaunchScreen.storyboard */,
				7B10244022C402E2008C62B7 /* Info.plist */,
				7B10243822C402E1008C62B7 /* TravelMate.xcdatamodeld */,
			);
			path = TrekMate;
			sourceTree = "<group>";
		};
/* End PBXGroup section */

/* Begin PBXNativeTarget section */
		7B10242D22C402E1008C62B7 /* TravelMate */ = {
			isa = PBXNativeTarget;
			buildConfigurationList = 7B10244322C402E2008C62B7 /* Build configuration list for PBXNativeTarget "TravelMate" */;
			buildPhases = (
				7B10242A22C402E1008C62B7 /* Sources */,
				7B10242B22C402E1008C62B7 /* Frameworks */,
				7B10242C22C402E1008C62B7 /* Resources */,
			);
			buildRules = (
			);
			dependencies = (
			);
			name = TravelMate;
			productName = TravelMate;
			productReference = 7B10242E22C402E1008C62B7 /* TravelMate.app */;
			productType = "com.apple.product-type.application";
		};
/* End PBXNativeTarget section */

/* Begin PBXProject section */
		7B10242622C402E1008C62B7 /* Project object */ = {
			isa = PBXProject;
			attributes = {
				LastSwiftUpdateCheck = 1020;
				LastUpgradeCheck = 1020;
				ORGANIZATIONNAME = "Olivia Dugger";
				TargetAttributes = {
					7B10242D22C402E1008C62B7 = {
						CreatedOnToolsVersion = 10.2.1;
					};
				};
			};
			buildConfigurationList = 7B10242922C402E1008C62B7 /* Build configuration list for PBXProject "TrekMate" */;
			compatibilityVersion = "Xcode 9.3";
			developmentRegion = en;
			hasScannedForEncodings = 0;
			knownRegions = (
				en,
				Base,
			);
			mainGroup = 7B10242522C402E1008C62B7;
			productRefGroup = 7B10242F22C402E1008C62B7 /* Products */;
			projectDirPath = "";
			projectRoot = "";
			targets = (
				7B10242D22C402E1008C62B7 /* TravelMate */,
			);
		};
/* End PBXProject section */

/* Begin PBXResourcesBuildPhase section */
		7B10242C22C402E1008C62B7 /* Resources */ = {
			isa = PBXResourcesBuildPhase;
			buildActionMask = 2147483647;
			files = (
				7B3B187522C462AC009EBD76 /* Airplane.ttf in Resources */,
				7B10243F22C402E2008C62B7 /* LaunchScreen.storyboard in Resources */,
				7B10243C22C402E2008C62B7 /* Assets.xcassets in Resources */,
				7B3B187722C46BD2009EBD76 /* Default-568h@2x.png in Resources */,
				7B10243722C402E1008C62B7 /* Main.storyboard in Resources */,
			);
			runOnlyForDeploymentPostprocessing = 0;
		};
/* End PBXResourcesBuildPhase section */

/* Begin PBXSourcesBuildPhase section */
		7B10242A22C402E1008C62B7 /* Sources */ = {
			isa = PBXSourcesBuildPhase;
			buildActionMask = 2147483647;
			files = (
				7B10243A22C402E1008C62B7 /* TravelMate.xcdatamodeld in Sources */,
				7BFA49CA22C4135700003736 /* CityLocationsTableViewController.swift in Sources */,
				7B10243422C402E1008C62B7 /* ViewController.swift in Sources */,
				7B10243222C402E1008C62B7 /* AppDelegate.swift in Sources */,
			);
			runOnlyForDeploymentPostprocessing = 0;
		};
/* End PBXSourcesBuildPhase section */

/* Begin PBXVariantGroup section */
		7B10243522C402E1008C62B7 /* Main.storyboard */ = {
			isa = PBXVariantGroup;
			children = (
				7B10243622C402E1008C62B7 /* Base */,
			);
			name = Main.storyboard;
			sourceTree = "<group>";
		};
		7B10243D22C402E2008C62B7 /* LaunchScreen.storyboard */ = {
			isa = PBXVariantGroup;
			children = (
				7B10243E22C402E2008C62B7 /* Base */,
			);
			name = LaunchScreen.storyboard;
			sourceTree = "<group>";
		};
/* End PBXVariantGroup section */

/* Begin XCBuildConfiguration section */
		7B10244122C402E2008C62B7 /* Debug */ = {
			isa = XCBuildConfiguration;
			buildSettings = {
				ALWAYS_SEARCH_USER_PATHS = NO;
				CLANG_ANALYZER_NONNULL = YES;
				CLANG_ANALYZER_NUMBER_OBJECT_CONVERSION = YES_AGGRESSIVE;
				CLANG_CXX_LANGUAGE_STANDARD = "gnu++14";
				CLANG_CXX_LIBRARY = "libc++";
				CLANG_ENABLE_MODULES = YES;
				CLANG_ENABLE_OBJC_ARC = YES;
				CLANG_ENABLE_OBJC_WEAK = YES;
				CLANG_WARN_BLOCK_CAPTURE_AUTORELEASING = YES;
				CLANG_WARN_BOOL_CONVERSION = YES;
				CLANG_WARN_COMMA = YES;
				CLANG_WARN_CONSTANT_CONVERSION = YES;
				CLANG_WARN_DEPRECATED_OBJC_IMPLEMENTATIONS = YES;
				CLANG_WARN_DIRECT_OBJC_ISA_USAGE = YES_ERROR;
				CLANG_WARN_DOCUMENTATION_COMMENTS = YES;
				CLANG_WARN_EMPTY_BODY = YES;
				CLANG_WARN_ENUM_CONVERSION = YES;
				CLANG_WARN_INFINITE_RECURSION = YES;
				CLANG_WARN_INT_CONVERSION = YES;
				CLANG_WARN_NON_LITERAL_NULL_CONVERSION = YES;
				CLANG_WARN_OBJC_IMPLICIT_RETAIN_SELF = YES;
				CLANG_WARN_OBJC_LITERAL_CONVERSION = YES;
				CLANG_WARN_OBJC_ROOT_CLASS = YES_ERROR;
				CLANG_WARN_RANGE_LOOP_ANALYSIS = YES;
				CLANG_WARN_STRICT_PROTOTYPES = YES;
				CLANG_WARN_SUSPICIOUS_MOVE = YES;
				CLANG_WARN_UNGUARDED_AVAILABILITY = YES_AGGRESSIVE;
				CLANG_WARN_UNREACHABLE_CODE = YES;
				CLANG_WARN__DUPLICATE_METHOD_MATCH = YES;
				CODE_SIGN_IDENTITY = "iPhone Developer";
				COPY_PHASE_STRIP = NO;
				DEBUG_INFORMATION_FORMAT = dwarf;
				ENABLE_STRICT_OBJC_MSGSEND = YES;
				ENABLE_TESTABILITY = YES;
				GCC_C_LANGUAGE_STANDARD = gnu11;
				GCC_DYNAMIC_NO_PIC = NO;
				GCC_NO_COMMON_BLOCKS = YES;
				GCC_OPTIMIZATION_LEVEL = 0;
				GCC_PREPROCESSOR_DEFINITIONS = (
					"DEBUG=1",
					"$(inherited)",
				);
				GCC_WARN_64_TO_32_BIT_CONVERSION = YES;
				GCC_WARN_ABOUT_RETURN_TYPE = YES_ERROR;
				GCC_WARN_UNDECLARED_SELECTOR = YES;
				GCC_WARN_UNINITIALIZED_AUTOS = YES_AGGRESSIVE;
				GCC_WARN_UNUSED_FUNCTION = YES;
				GCC_WARN_UNUSED_VARIABLE = YES;
				IPHONEOS_DEPLOYMENT_TARGET = 12.2;
				MTL_ENABLE_DEBUG_INFO = INCLUDE_SOURCE;
				MTL_FAST_MATH = YES;
				ONLY_ACTIVE_ARCH = YES;
				SDKROOT = iphoneos;
				SWIFT_ACTIVE_COMPILATION_CONDITIONS = DEBUG;
				SWIFT_OPTIMIZATION_LEVEL = "-Onone";
			};
			name = Debug;
		};
		7B10244222C402E2008C62B7 /* Release */ = {
			isa = XCBuildConfiguration;
			buildSettings = {
				ALWAYS_SEARCH_USER_PATHS = NO;
				CLANG_ANALYZER_NONNULL = YES;
				CLANG_ANALYZER_NUMBER_OBJECT_CONVERSION = YES_AGGRESSIVE;
				CLANG_CXX_LANGUAGE_STANDARD = "gnu++14";
				CLANG_CXX_LIBRARY = "libc++";
				CLANG_ENABLE_MODULES = YES;
				CLANG_ENABLE_OBJC_ARC = YES;
				CLANG_ENABLE_OBJC_WEAK = YES;
				CLANG_WARN_BLOCK_CAPTURE_AUTORELEASING = YES;
				CLANG_WARN_BOOL_CONVERSION = YES;
				CLANG_WARN_COMMA = YES;
				CLANG_WARN_CONSTANT_CONVERSION = YES;
				CLANG_WARN_DEPRECATED_OBJC_IMPLEMENTATIONS = YES;
				CLANG_WARN_DIRECT_OBJC_ISA_USAGE = YES_ERROR;
				CLANG_WARN_DOCUMENTATION_COMMENTS = YES;
				CLANG_WARN_EMPTY_BODY = YES;
				CLANG_WARN_ENUM_CONVERSION = YES;
				CLANG_WARN_INFINITE_RECURSION = YES;
				CLANG_WARN_INT_CONVERSION = YES;
				CLANG_WARN_NON_LITERAL_NULL_CONVERSION = YES;
				CLANG_WARN_OBJC_IMPLICIT_RETAIN_SELF = YES;
				CLANG_WARN_OBJC_LITERAL_CONVERSION = YES;
				CLANG_WARN_OBJC_ROOT_CLASS = YES_ERROR;
				CLANG_WARN_RANGE_LOOP_ANALYSIS = YES;
				CLANG_WARN_STRICT_PROTOTYPES = YES;
				CLANG_WARN_SUSPICIOUS_MOVE = YES;
				CLANG_WARN_UNGUARDED_AVAILABILITY = YES_AGGRESSIVE;
				CLANG_WARN_UNREACHABLE_CODE = YES;
				CLANG_WARN__DUPLICATE_METHOD_MATCH = YES;
				CODE_SIGN_IDENTITY = "iPhone Developer";
				COPY_PHASE_STRIP = NO;
				DEBUG_INFORMATION_FORMAT = "dwarf-with-dsym";
				ENABLE_NS_ASSERTIONS = NO;
				ENABLE_STRICT_OBJC_MSGSEND = YES;
				GCC_C_LANGUAGE_STANDARD = gnu11;
				GCC_NO_COMMON_BLOCKS = YES;
				GCC_WARN_64_TO_32_BIT_CONVERSION = YES;
				GCC_WARN_ABOUT_RETURN_TYPE = YES_ERROR;
				GCC_WARN_UNDECLARED_SELECTOR = YES;
				GCC_WARN_UNINITIALIZED_AUTOS = YES_AGGRESSIVE;
				GCC_WARN_UNUSED_FUNCTION = YES;
				GCC_WARN_UNUSED_VARIABLE = YES;
				IPHONEOS_DEPLOYMENT_TARGET = 12.2;
				MTL_ENABLE_DEBUG_INFO = NO;
				MTL_FAST_MATH = YES;
				SDKROOT = iphoneos;
				SWIFT_COMPILATION_MODE = wholemodule;
				SWIFT_OPTIMIZATION_LEVEL = "-O";
				VALIDATE_PRODUCT = YES;
			};
			name = Release;
		};
		7B10244422C402E2008C62B7 /* Debug */ = {
			isa = XCBuildConfiguration;
			buildSettings = {
				ASSETCATALOG_COMPILER_APPICON_NAME = AppIcon;
				CODE_SIGN_STYLE = Automatic;
				DEVELOPMENT_TEAM = C5LH8NHU93;
				INFOPLIST_FILE = TrekMate/Info.plist;
				LD_RUNPATH_SEARCH_PATHS = (
					"$(inherited)",
					"@executable_path/Frameworks",
				);
				PRODUCT_BUNDLE_IDENTIFIER = com.myname.TrekMate;
				PRODUCT_NAME = "$(TARGET_NAME)";
				SWIFT_VERSION = 5.0;
				TARGETED_DEVICE_FAMILY = "1,2";
			};
			name = Debug;
		};
		7B10244522C402E2008C62B7 /* Release */ = {
			isa = XCBuildConfiguration;
			buildSettings = {
				ASSETCATALOG_COMPILER_APPICON_NAME = AppIcon;
				CODE_SIGN_STYLE = Automatic;
				DEVELOPMENT_TEAM = C5LH8NHU93;
				INFOPLIST_FILE = TrekMate/Info.plist;
				LD_RUNPATH_SEARCH_PATHS = (
					"$(inherited)",
					"@executable_path/Frameworks",
				);
				PRODUCT_BUNDLE_IDENTIFIER = com.myname.TrekMate;
				PRODUCT_NAME = "$(TARGET_NAME)";
				SWIFT_VERSION = 5.0;
				TARGETED_DEVICE_FAMILY = "1,2";
			};
			name = Release;
		};
/* End XCBuildConfiguration section */

/* Begin XCConfigurationList section */
		7B10242922C402E1008C62B7 /* Build configuration list for PBXProject "TrekMate" */ = {
			isa = XCConfigurationList;
			buildConfigurations = (
				7B10244122C402E2008C62B7 /* Debug */,
				7B10244222C402E2008C62B7 /* Release */,
			);
			defaultConfigurationIsVisible = 0;
			defaultConfigurationName = Release;
		};
		7B10244322C402E2008C62B7 /* Build configuration list for PBXNativeTarget "TravelMate" */ = {
			isa = XCConfigurationList;
			buildConfigurations = (
				7B10244422C402E2008C62B7 /* Debug */,
				7B10244522C402E2008C62B7 /* Release */,
			);
			defaultConfigurationIsVisible = 0;
			defaultConfigurationName = Release;
		};
/* End XCConfigurationList section */

/* Begin XCVersionGroup section */
		7B10243822C402E1008C62B7 /* TravelMate.xcdatamodeld */ = {
			isa = XCVersionGroup;
			children = (
				7B10243922C402E1008C62B7 /* TravelMate.xcdatamodel */,
			);
			currentVersion = 7B10243922C402E1008C62B7 /* TravelMate.xcdatamodel */;
			path = TravelMate.xcdatamodeld;
			sourceTree = "<group>";
			versionGroupType = wrapper.xcdatamodel;
		};
/* End XCVersionGroup section */
	};
	rootObject = 7B10242622C402E1008C62B7 /* Project object */;
}
